
Microsoft Visual Studio Solution File, Format Version 11.00
# Visual C# Express 2010
Project("{FAE04EC0-301F-11D3-BF4B-00C04F79EFBC}") = "Etec.SistemaVotacao.Model", "Etec.SistemaVotacao.Model\Etec.SistemaVotacao.Model.csproj", "{DE5B9750-FEEF-4A7E-AEDA-1E444010C14A}"
EndProject
Project("{FAE04EC0-301F-11D3-BF4B-00C04F79EFBC}") = "Etec.SistemaVotacao.Controller", "Etec.SistemaVotacao.Controller\Etec.SistemaVotacao.Controller.csproj", "{CDD1C90C-782A-4D38-A435-ECF40EF99A28}"
EndProject
Project("{FAE04EC0-301F-11D3-BF4B-00C04F79EFBC}") = "Etec.SistemaVotacao.View2", "Etec.SistemaVotacao.View2\Etec.SistemaVotacao.View2.csproj", "{6DC67DAD-36C1-4F3C-AAE6-22BCC87C4406}"
EndProject
Global
	GlobalSection(SolutionConfigurationPlatforms) = preSolution
		Debug|Any CPU = Debug|Any CPU
		Debug|Mixed Platforms = Debug|Mixed Platforms
		Debug|x86 = Debug|x86
		Release|Any CPU = Release|Any CPU
		Release|Mixed Platforms = Release|Mixed Platforms
		Release|x86 = Release|x86
	EndGlobalSection
	GlobalSection(ProjectConfigurationPlatforms) = postSolution
		{DE5B9750-FEEF-4A7E-AEDA-1E444010C14A}.Debug|Any CPU.ActiveCfg = Debug|Any CPU
		{DE5B9750-FEEF-4A7E-AEDA-1E444010C14A}.Debug|Any CPU.Build.0 = Debug|Any CPU
		{DE5B9750-FEEF-4A7E-AEDA-1E444010C14A}.Debug|Mixed Platforms.ActiveCfg = Debug|Any CPU
		{DE5B9750-FEEF-4A7E-AEDA-1E444010C14A}.Debug|Mixed Platforms.Build.0 = Debug|Any CPU
		{DE5B9750-FEEF-4A7E-AEDA-1E444010C14A}.Debug|x86.ActiveCfg = Debug|Any CPU
		{DE5B9750-FEEF-4A7E-AEDA-1E444010C14A}.Release|Any CPU.ActiveCfg = Release|Any CPU
		{DE5B9750-FEEF-4A7E-AEDA-1E444010C14A}.Release|Any CPU.Build.0 = Release|Any CPU
		{DE5B9750-FEEF-4A7E-AEDA-1E444010C14A}.Release|Mixed Platforms.ActiveCfg = Release|Any CPU
		{DE5B9750-FEEF-4A7E-AEDA-1E444010C14A}.Release|Mixed Platforms.Build.0 = Release|Any CPU
		{DE5B9750-FEEF-4A7E-AEDA-1E444010C14A}.Release|x86.ActiveCfg = Release|Any CPU
		{CDD1C90C-782A-4D38-A435-ECF40EF99A28}.Debug|Any CPU.ActiveCfg = Debug|Any CPU
		{CDD1C90C-782A-4D38-A435-ECF40EF99A28}.Debug|Any CPU.Build.0 = Debug|Any CPU
		{CDD1C90C-782A-4D38-A435-ECF40EF99A28}.Debug|Mixed Platforms.ActiveCfg = Debug|Any CPU
		{CDD1C90C-782A-4D38-A435-ECF40EF99A28}.Debug|Mixed Platforms.Build.0 = Debug|Any CPU
		{CDD1C90C-782A-4D38-A435-ECF40EF99A28}.Debug|x86.ActiveCfg = Debug|Any CPU
		{CDD1C90C-782A-4D38-A435-ECF40EF99A28}.Release|Any CPU.ActiveCfg = Release|Any CPU
		{CDD1C90C-782A-4D38-A435-ECF40EF99A28}.Release|Any CPU.Build.0 = Release|Any CPU
		{CDD1C90C-782A-4D38-A435-ECF40EF99A28}.Release|Mixed Platforms.ActiveCfg = Release|Any CPU
		{CDD1C90C-782A-4D38-A435-ECF40EF99A28}.Release|Mixed Platforms.Build.0 = Release|Any CPU
		{CDD1C90C-782A-4D38-A435-ECF40EF99A28}.Release|x86.ActiveCfg = Release|Any CPU
		{6DC67DAD-36C1-4F3C-AAE6-22BCC87C4406}.Debug|Any CPU.ActiveCfg = Debug|x86
		{6DC67DAD-36C1-4F3C-AAE6-22BCC87C4406}.Debug|Mixed Platforms.ActiveCfg = Debug|x86
		{6DC67DAD-36C1-4F3C-AAE6-22BCC87C4406}.Debug|Mixed Platforms.Build.0 = Debug|x86
		{6DC67DAD-36C1-4F3C-AAE6-22BCC87C4406}.Debug|x86.ActiveCfg = Debug|x86
		{6DC67DAD-36C1-4F3C-AAE6-22BCC87C4406}.Debug|x86.Build.0 = Debug|x86
		{6DC67DAD-36C1-4F3C-AAE6-22BCC87C4406}.Release|Any CPU.ActiveCfg = Release|x86
		{6DC67DAD-36C1-4F3C-AAE6-22BCC87C4406}.Release|Mixed Platforms.ActiveCfg = Release|x86
		{6DC67DAD-36C1-4F3C-AAE6-22BCC87C4406}.Release|Mixed Platforms.Build.0 = Release|x86
		{6DC67DAD-36C1-4F3C-AAE6-22BCC87C4406}.Release|x86.ActiveCfg = Release|x86
		{6DC67DAD-36C1-4F3C-AAE6-22BCC87C4406}.Release|x86.Build.0 = Release|x86
	EndGlobalSection
	GlobalSection(SolutionProperties) = preSolution
		HideSolutionNode = FALSE
	EndGlobalSection
EndGlobal
